
Microsoft Visual Studio Solution File, Format Version 12.00
# Visual Studio Version 16
VisualStudioVersion = 16.0.30717.126
MinimumVisualStudioVersion = 10.0.40219.1
Project("{8BC9CEB8-8B4A-11D0-8D11-00A0C91BC942}") = "CppMysql", "CppMysql\CppMysql.vcxproj", "{F2039598-B7BC-48B0-93EF-D6E239686330}"
EndProject
Global
	GlobalSection(SolutionConfigurationPlatforms) = preSolution
		Debug|x64 = Debug|x64
		Debug|x86 = Debug|x86
		Release|x64 = Release|x64
		Release|x86 = Release|x86
	EndGlobalSection
	GlobalSection(ProjectConfigurationPlatforms) = postSolution
		{F2039598-B7BC-48B0-93EF-D6E239686330}.Debug|x64.ActiveCfg = Debug|x64
		{F2039598-B7BC-48B0-93EF-D6E239686330}.Debug|x64.Build.0 = Debug|x64
		{F2039598-B7BC-48B0-93EF-D6E239686330}.Debug|x86.ActiveCfg = Debug|Win32
		{F2039598-B7BC-48B0-93EF-D6E239686330}.Debug|x86.Build.0 = Debug|Win32
		{F2039598-B7BC-48B0-93EF-D6E239686330}.Release|x64.ActiveCfg = Release|x64
		{F2039598-B7BC-48B0-93EF-D6E239686330}.Release|x64.Build.0 = Release|x64
		{F2039598-B7BC-48B0-93EF-D6E239686330}.Release|x86.ActiveCfg = Release|Win32
		{F2039598-B7BC-48B0-93EF-D6E239686330}.Release|x86.Build.0 = Release|Win32
	EndGlobalSection
	GlobalSection(SolutionProperties) = preSolution
		HideSolutionNode = FALSE
	EndGlobalSection
	GlobalSection(ExtensibilityGlobals) = postSolution
		SolutionGuid = {923C03EA-C1C9-444A-B8D2-429827C92B93}
	EndGlobalSection
EndGlobal
